// !$*UTF8*$!
{
	archiveVersion = 1;
	classes = {
	};
	objectVersion = 46;
	objects = {

/* Begin PBXBuildFile section */
		CE1FB7E61C0A617B0045AFB8 /* M_DECODER.c in Sources */ = {isa = PBXBuildFile; fileRef = CE1FB7E51C0A617B0045AFB8 /* M_DECODER.c */; };
		CE1FB7E81C0A6D220045AFB8 /* OPCODES.c in Sources */ = {isa = PBXBuildFile; fileRef = CE1FB7E71C0A6D220045AFB8 /* OPCODES.c */; };
		CE618CDB1C10D1B400FDD92F /* M_EXCEPTION.c in Sources */ = {isa = PBXBuildFile; fileRef = CE618CDA1C10D1B400FDD92F /* M_EXCEPTION.c */; };
		CE618CDF1C110DD200FDD92F /* JAVASTRING.c in Sources */ = {isa = PBXBuildFile; fileRef = CE618CDE1C110DD200FDD92F /* JAVASTRING.c */; };
		CE618CE11C111AF300FDD92F /* M_INSTLOGARITH.c in Sources */ = {isa = PBXBuildFile; fileRef = CE618CE01C111AF300FDD92F /* M_INSTLOGARITH.c */; };
		CE8EFA961C092E8600F1010B /* M_INTERPRETER.c in Sources */ = {isa = PBXBuildFile; fileRef = CE8EFA951C092E8600F1010B /* M_INTERPRETER.c */; };
		CE9FB3F31C08A019004DBA0C /* M_OPMETHODAREA.c in Sources */ = {isa = PBXBuildFile; fileRef = CE9FB3F21C08A019004DBA0C /* M_OPMETHODAREA.c */; };
		CE9FB3F51C08BC61004DBA0C /* M_OPTHREAD.c in Sources */ = {isa = PBXBuildFile; fileRef = CE9FB3F41C08BC61004DBA0C /* M_OPTHREAD.c */; };
		CEAC72201BFCFE68006F4F9B /* M_ECLASS.c in Sources */ = {isa = PBXBuildFile; fileRef = CEAC721B1BFCFE68006F4F9B /* M_ECLASS.c */; };
		CEAC72221BFCFE68006F4F9B /* M_LCLASS.c in Sources */ = {isa = PBXBuildFile; fileRef = CEAC721D1BFCFE68006F4F9B /* M_LCLASS.c */; };
		CEAC72231BFCFE68006F4F9B /* M_OPCLASS.c in Sources */ = {isa = PBXBuildFile; fileRef = CEAC721E1BFCFE68006F4F9B /* M_OPCLASS.c */; };
		CEAC72241BFCFE68006F4F9B /* MP_LECLASS.c in Sources */ = {isa = PBXBuildFile; fileRef = CEAC721F1BFCFE68006F4F9B /* MP_LECLASS.c */; };
		CEAC722D1BFD6BD5006F4F9B /* M_BOOTLOADER.c in Sources */ = {isa = PBXBuildFile; fileRef = CEAC722C1BFD6BD5006F4F9B /* M_BOOTLOADER.c */; };
		CEEF15501C05C90F00A8D077 /* M_CLASSLOADER.c in Sources */ = {isa = PBXBuildFile; fileRef = CEEF154F1C05C90F00A8D077 /* M_CLASSLOADER.c */; };
/* End PBXBuildFile section */

/* Begin PBXCopyFilesBuildPhase section */
		CE33EE611BFCFB2400A4003B /* CopyFiles */ = {
			isa = PBXCopyFilesBuildPhase;
			buildActionMask = 2147483647;
			dstPath = /usr/share/man/man1/;
			dstSubfolderSpec = 0;
			files = (
			);
			runOnlyForDeploymentPostprocessing = 1;
		};
/* End PBXCopyFilesBuildPhase section */

/* Begin PBXFileReference section */
		CE1FB7E51C0A617B0045AFB8 /* M_DECODER.c */ = {isa = PBXFileReference; fileEncoding = 4; lastKnownFileType = sourcecode.c.c; name = M_DECODER.c; path = src/ExecutionEngine/M_DECODER.c; sourceTree = "<group>"; };
		CE1FB7E71C0A6D220045AFB8 /* OPCODES.c */ = {isa = PBXFileReference; fileEncoding = 4; lastKnownFileType = sourcecode.c.c; name = OPCODES.c; path = src/Estruturas/OPCODES.c; sourceTree = "<group>"; };
		CE33EE631BFCFB2400A4003B /* JavaVirtualMachine */ = {isa = PBXFileReference; explicitFileType = "compiled.mach-o.executable"; includeInIndex = 0; path = JavaVirtualMachine; sourceTree = BUILT_PRODUCTS_DIR; };
		CE618CD91C10D19100FDD92F /* I_EXCEPTION.h */ = {isa = PBXFileReference; fileEncoding = 4; lastKnownFileType = sourcecode.c.h; name = I_EXCEPTION.h; path = include/ExecutionEngine/I_EXCEPTION.h; sourceTree = "<group>"; };
		CE618CDA1C10D1B400FDD92F /* M_EXCEPTION.c */ = {isa = PBXFileReference; fileEncoding = 4; lastKnownFileType = sourcecode.c.c; name = M_EXCEPTION.c; path = src/ExecutionEngine/M_EXCEPTION.c; sourceTree = "<group>"; };
		CE618CDD1C110DBD00FDD92F /* JAVASTRING.h */ = {isa = PBXFileReference; fileEncoding = 4; lastKnownFileType = sourcecode.c.h; name = JAVASTRING.h; path = include/Estruturas/JAVASTRING.h; sourceTree = "<group>"; };
		CE618CDE1C110DD200FDD92F /* JAVASTRING.c */ = {isa = PBXFileReference; fileEncoding = 4; lastKnownFileType = sourcecode.c.c; name = JAVASTRING.c; path = src/Estruturas/JAVASTRING.c; sourceTree = "<group>"; };
		CE618CE01C111AF300FDD92F /* M_INSTLOGARITH.c */ = {isa = PBXFileReference; fileEncoding = 4; lastKnownFileType = sourcecode.c.c; name = M_INSTLOGARITH.c; path = src/ExecutionEngine/M_INSTLOGARITH.c; sourceTree = "<group>"; };
		CE8EFA951C092E8600F1010B /* M_INTERPRETER.c */ = {isa = PBXFileReference; fileEncoding = 4; lastKnownFileType = sourcecode.c.c; name = M_INTERPRETER.c; path = src/ExecutionEngine/M_INTERPRETER.c; sourceTree = "<group>"; };
		CE9FB3F21C08A019004DBA0C /* M_OPMETHODAREA.c */ = {isa = PBXFileReference; fileEncoding = 4; lastKnownFileType = sourcecode.c.c; name = M_OPMETHODAREA.c; path = src/MemoryUnit/M_OPMETHODAREA.c; sourceTree = "<group>"; };
		CE9FB3F41C08BC61004DBA0C /* M_OPTHREAD.c */ = {isa = PBXFileReference; fileEncoding = 4; lastKnownFileType = sourcecode.c.c; name = M_OPTHREAD.c; path = src/MemoryUnit/M_OPTHREAD.c; sourceTree = "<group>"; };
		CEA0E8BB1C01F3F4008656B1 /* I_DECODER.h */ = {isa = PBXFileReference; fileEncoding = 4; lastKnownFileType = sourcecode.c.h; name = I_DECODER.h; path = include/ExecutionEngine/I_DECODER.h; sourceTree = "<group>"; };
		CEA0E8BC1C020976008656B1 /* I_INSTLOGARITH.h */ = {isa = PBXFileReference; fileEncoding = 4; lastKnownFileType = sourcecode.c.h; name = I_INSTLOGARITH.h; path = include/ExecutionEngine/I_INSTLOGARITH.h; sourceTree = "<group>"; };
		CEA0E8BD1C0209AB008656B1 /* I_INSTCONVERSION.h */ = {isa = PBXFileReference; fileEncoding = 4; lastKnownFileType = sourcecode.c.h; name = I_INSTCONVERSION.h; path = include/ExecutionEngine/I_INSTCONVERSION.h; sourceTree = "<group>"; };
		CEA0E8BE1C0209C6008656B1 /* I_INSTRETURN.h */ = {isa = PBXFileReference; fileEncoding = 4; lastKnownFileType = sourcecode.c.h; name = I_INSTRETURN.h; path = include/ExecutionEngine/I_INSTRETURN.h; sourceTree = "<group>"; };
		CEA0E8BF1C0209E3008656B1 /* I_INSTMEMORY.h */ = {isa = PBXFileReference; fileEncoding = 4; lastKnownFileType = sourcecode.c.h; name = I_INSTMEMORY.h; path = include/ExecutionEngine/I_INSTMEMORY.h; sourceTree = "<group>"; };
		CEA0E8C01C020A0F008656B1 /* I_INSTCOMPANDJMP.h */ = {isa = PBXFileReference; fileEncoding = 4; lastKnownFileType = sourcecode.c.h; name = I_INSTCOMPANDJMP.h; path = include/ExecutionEngine/I_INSTCOMPANDJMP.h; sourceTree = "<group>"; };
		CEA0E8C11C020A28008656B1 /* I_INSTGENERIC.h */ = {isa = PBXFileReference; fileEncoding = 4; lastKnownFileType = sourcecode.c.h; name = I_INSTGENERIC.h; path = include/ExecutionEngine/I_INSTGENERIC.h; sourceTree = "<group>"; };
		CEAC72181BFCFE42006F4F9B /* I_LECLASS.h */ = {isa = PBXFileReference; fileEncoding = 4; lastKnownFileType = sourcecode.c.h; name = I_LECLASS.h; path = include/ClassLoader/I_LECLASS.h; sourceTree = "<group>"; };
		CEAC72191BFCFE42006F4F9B /* IP_LECLASS.h */ = {isa = PBXFileReference; fileEncoding = 4; lastKnownFileType = sourcecode.c.h; name = IP_LECLASS.h; path = include/ClassLoader/IP_LECLASS.h; sourceTree = "<group>"; };
		CEAC721B1BFCFE68006F4F9B /* M_ECLASS.c */ = {isa = PBXFileReference; fileEncoding = 4; lastKnownFileType = sourcecode.c.c; name = M_ECLASS.c; path = src/ClassLoader/M_ECLASS.c; sourceTree = "<group>"; };
		CEAC721D1BFCFE68006F4F9B /* M_LCLASS.c */ = {isa = PBXFileReference; fileEncoding = 4; lastKnownFileType = sourcecode.c.c; name = M_LCLASS.c; path = src/ClassLoader/M_LCLASS.c; sourceTree = "<group>"; };
		CEAC721E1BFCFE68006F4F9B /* M_OPCLASS.c */ = {isa = PBXFileReference; fileEncoding = 4; lastKnownFileType = sourcecode.c.c; name = M_OPCLASS.c; path = src/ClassLoader/M_OPCLASS.c; sourceTree = "<group>"; };
		CEAC721F1BFCFE68006F4F9B /* MP_LECLASS.c */ = {isa = PBXFileReference; fileEncoding = 4; lastKnownFileType = sourcecode.c.c; name = MP_LECLASS.c; path = src/ClassLoader/MP_LECLASS.c; sourceTree = "<group>"; };
		CEAC72261BFCFEE3006F4F9B /* E_JVM.h */ = {isa = PBXFileReference; fileEncoding = 4; lastKnownFileType = sourcecode.c.h; name = E_JVM.h; path = include/Estruturas/E_JVM.h; sourceTree = "<group>"; };
		CEAC72271BFCFEE3006F4F9B /* OPCODES.h */ = {isa = PBXFileReference; fileEncoding = 4; lastKnownFileType = sourcecode.c.h; name = OPCODES.h; path = include/Estruturas/OPCODES.h; sourceTree = "<group>"; };
		CEAC72281BFD002F006F4F9B /* I_CLASSLOADER.h */ = {isa = PBXFileReference; fileEncoding = 4; lastKnownFileType = sourcecode.c.h; name = I_CLASSLOADER.h; path = include/ClassLoader/I_CLASSLOADER.h; sourceTree = "<group>"; };
		CEAC72291BFD0070006F4F9B /* I_MEMORYUNIT.h */ = {isa = PBXFileReference; fileEncoding = 4; lastKnownFileType = sourcecode.c.h; name = I_MEMORYUNIT.h; path = include/MemoryUnit/I_MEMORYUNIT.h; sourceTree = "<group>"; };
		CEAC722A1BFD00BA006F4F9B /* I_INTERPRETER.h */ = {isa = PBXFileReference; fileEncoding = 4; lastKnownFileType = sourcecode.c.h; name = I_INTERPRETER.h; path = include/ExecutionEngine/I_INTERPRETER.h; sourceTree = "<group>"; };
		CEAC722C1BFD6BD5006F4F9B /* M_BOOTLOADER.c */ = {isa = PBXFileReference; fileEncoding = 4; lastKnownFileType = sourcecode.c.c; name = M_BOOTLOADER.c; path = src/ExecutionEngine/M_BOOTLOADER.c; sourceTree = "<group>"; };
		CEEF154F1C05C90F00A8D077 /* M_CLASSLOADER.c */ = {isa = PBXFileReference; fileEncoding = 4; lastKnownFileType = sourcecode.c.c; name = M_CLASSLOADER.c; path = src/ClassLoader/M_CLASSLOADER.c; sourceTree = "<group>"; };
/* End PBXFileReference section */

/* Begin PBXFrameworksBuildPhase section */
		CE33EE601BFCFB2400A4003B /* Frameworks */ = {
			isa = PBXFrameworksBuildPhase;
			buildActionMask = 2147483647;
			files = (
			);
			runOnlyForDeploymentPostprocessing = 0;
		};
/* End PBXFrameworksBuildPhase section */

/* Begin PBXGroup section */
		CE33EE5A1BFCFB2400A4003B = {
			isa = PBXGroup;
			children = (
				CE33EE651BFCFB2400A4003B /* JavaVirtualMachine */,
				CE33EE641BFCFB2400A4003B /* Products */,
			);
			sourceTree = "<group>";
		};
		CE33EE641BFCFB2400A4003B /* Products */ = {
			isa = PBXGroup;
			children = (
				CE33EE631BFCFB2400A4003B /* JavaVirtualMachine */,
			);
			name = Products;
			sourceTree = "<group>";
		};
		CE33EE651BFCFB2400A4003B /* JavaVirtualMachine */ = {
			isa = PBXGroup;
			children = (
				CEAC720F1BFCFD69006F4F9B /* include */,
				CEAC720E1BFCFD58006F4F9B /* src */,
			);
			path = JavaVirtualMachine;
			sourceTree = "<group>";
		};
		CEAC720E1BFCFD58006F4F9B /* src */ = {
			isa = PBXGroup;
			children = (
				CEAC722B1BFD00E6006F4F9B /* Estruturas */,
				CEAC72121BFCFDFF006F4F9B /* ExecutionEngine */,
				CEAC72111BFCFD85006F4F9B /* MemoryUnit */,
				CEAC72101BFCFD78006F4F9B /* ClassLoader */,
			);
			name = src;
			sourceTree = "<group>";
		};
		CEAC720F1BFCFD69006F4F9B /* include */ = {
			isa = PBXGroup;
			children = (
				CEAC72251BFCFE8C006F4F9B /* Estruturas */,
				CEAC72151BFCFE11006F4F9B /* ExecutionEngine */,
				CEAC72141BFCFE0F006F4F9B /* MemoryUnit */,
				CEAC72131BFCFE0C006F4F9B /* ClassLoader */,
			);
			name = include;
			sourceTree = "<group>";
		};
		CEAC72101BFCFD78006F4F9B /* ClassLoader */ = {
			isa = PBXGroup;
			children = (
				CEAC721B1BFCFE68006F4F9B /* M_ECLASS.c */,
				CEAC721D1BFCFE68006F4F9B /* M_LCLASS.c */,
				CEAC721E1BFCFE68006F4F9B /* M_OPCLASS.c */,
				CEAC721F1BFCFE68006F4F9B /* MP_LECLASS.c */,
				CEEF154F1C05C90F00A8D077 /* M_CLASSLOADER.c */,
			);
			name = ClassLoader;
			sourceTree = "<group>";
		};
		CEAC72111BFCFD85006F4F9B /* MemoryUnit */ = {
			isa = PBXGroup;
			children = (
				CE9FB3F21C08A019004DBA0C /* M_OPMETHODAREA.c */,
				CE9FB3F41C08BC61004DBA0C /* M_OPTHREAD.c */,
			);
			name = MemoryUnit;
			sourceTree = "<group>";
		};
		CEAC72121BFCFDFF006F4F9B /* ExecutionEngine */ = {
			isa = PBXGroup;
			children = (
				CEAC722C1BFD6BD5006F4F9B /* M_BOOTLOADER.c */,
				CE8EFA951C092E8600F1010B /* M_INTERPRETER.c */,
				CE1FB7E51C0A617B0045AFB8 /* M_DECODER.c */,
				CE618CDA1C10D1B400FDD92F /* M_EXCEPTION.c */,
			);
			name = ExecutionEngine;
			sourceTree = "<group>";
		};
		CEAC72131BFCFE0C006F4F9B /* ClassLoader */ = {
			isa = PBXGroup;
			children = (
				CEAC72181BFCFE42006F4F9B /* I_LECLASS.h */,
				CEAC72191BFCFE42006F4F9B /* IP_LECLASS.h */,
				CEAC72281BFD002F006F4F9B /* I_CLASSLOADER.h */,
			);
			name = ClassLoader;
			sourceTree = "<group>";
		};
		CEAC72141BFCFE0F006F4F9B /* MemoryUnit */ = {
			isa = PBXGroup;
			children = (
				CEAC72291BFD0070006F4F9B /* I_MEMORYUNIT.h */,
			);
			name = MemoryUnit;
			sourceTree = "<group>";
		};
		CEAC72151BFCFE11006F4F9B /* ExecutionEngine */ = {
			isa = PBXGroup;
			children = (
				CEAC722A1BFD00BA006F4F9B /* I_INTERPRETER.h */,
				CEA0E8BB1C01F3F4008656B1 /* I_DECODER.h */,
				CEA0E8BC1C020976008656B1 /* I_INSTLOGARITH.h */,
				CEA0E8BD1C0209AB008656B1 /* I_INSTCONVERSION.h */,
				CEA0E8BE1C0209C6008656B1 /* I_INSTRETURN.h */,
				CEA0E8BF1C0209E3008656B1 /* I_INSTMEMORY.h */,
				CEA0E8C01C020A0F008656B1 /* I_INSTCOMPANDJMP.h */,
				CEA0E8C11C020A28008656B1 /* I_INSTGENERIC.h */,
				CE618CD91C10D19100FDD92F /* I_EXCEPTION.h */,
			);
			name = ExecutionEngine;
			sourceTree = "<group>";
		};
		CEAC72251BFCFE8C006F4F9B /* Estruturas */ = {
			isa = PBXGroup;
			children = (
				CEAC72261BFCFEE3006F4F9B /* E_JVM.h */,
				CEAC72271BFCFEE3006F4F9B /* OPCODES.h */,
				CE618CDD1C110DBD00FDD92F /* JAVASTRING.h */,
			);
			name = Estruturas;
			sourceTree = "<group>";
		};
		CEAC722B1BFD00E6006F4F9B /* Estruturas */ = {
			isa = PBXGroup;
			children = (
				CE1FB7E71C0A6D220045AFB8 /* OPCODES.c */,
				CE618CDE1C110DD200FDD92F /* JAVASTRING.c */,
				CE618CE01C111AF300FDD92F /* M_INSTLOGARITH.c */,
			);
			name = Estruturas;
			sourceTree = "<group>";
		};
/* End PBXGroup section */

/* Begin PBXNativeTarget section */
		CE33EE621BFCFB2400A4003B /* JavaVirtualMachine */ = {
			isa = PBXNativeTarget;
			buildConfigurationList = CE33EE6A1BFCFB2500A4003B /* Build configuration list for PBXNativeTarget "JavaVirtualMachine" */;
			buildPhases = (
				CE33EE5F1BFCFB2400A4003B /* Sources */,
				CE33EE601BFCFB2400A4003B /* Frameworks */,
				CE33EE611BFCFB2400A4003B /* CopyFiles */,
			);
			buildRules = (
			);
			dependencies = (
			);
			name = JavaVirtualMachine;
			productName = JavaVirtualMachine;
			productReference = CE33EE631BFCFB2400A4003B /* JavaVirtualMachine */;
			productType = "com.apple.product-type.tool";
		};
/* End PBXNativeTarget section */

/* Begin PBXProject section */
		CE33EE5B1BFCFB2400A4003B /* Project object */ = {
			isa = PBXProject;
			attributes = {
				LastUpgradeCheck = 0710;
				ORGANIZATIONNAME = "Rondinele Prado";
				TargetAttributes = {
					CE33EE621BFCFB2400A4003B = {
						CreatedOnToolsVersion = 7.1.1;
					};
				};
			};
			buildConfigurationList = CE33EE5E1BFCFB2400A4003B /* Build configuration list for PBXProject "JavaVirtualMachine" */;
			compatibilityVersion = "Xcode 3.2";
			developmentRegion = English;
			hasScannedForEncodings = 0;
			knownRegions = (
				en,
			);
			mainGroup = CE33EE5A1BFCFB2400A4003B;
			productRefGroup = CE33EE641BFCFB2400A4003B /* Products */;
			projectDirPath = "";
			projectRoot = "";
			targets = (
				CE33EE621BFCFB2400A4003B /* JavaVirtualMachine */,
			);
		};
/* End PBXProject section */

/* Begin PBXSourcesBuildPhase section */
		CE33EE5F1BFCFB2400A4003B /* Sources */ = {
			isa = PBXSourcesBuildPhase;
			buildActionMask = 2147483647;
			files = (
				CE8EFA961C092E8600F1010B /* M_INTERPRETER.c in Sources */,
				CE618CDB1C10D1B400FDD92F /* M_EXCEPTION.c in Sources */,
				CE9FB3F51C08BC61004DBA0C /* M_OPTHREAD.c in Sources */,
				CEAC72241BFCFE68006F4F9B /* MP_LECLASS.c in Sources */,
				CEAC722D1BFD6BD5006F4F9B /* M_BOOTLOADER.c in Sources */,
				CE618CE11C111AF300FDD92F /* M_INSTLOGARITH.c in Sources */,
				CEAC72201BFCFE68006F4F9B /* M_ECLASS.c in Sources */,
				CE9FB3F31C08A019004DBA0C /* M_OPMETHODAREA.c in Sources */,
				CE1FB7E61C0A617B0045AFB8 /* M_DECODER.c in Sources */,
				CE618CDF1C110DD200FDD92F /* JAVASTRING.c in Sources */,
				CE1FB7E81C0A6D220045AFB8 /* OPCODES.c in Sources */,
				CEEF15501C05C90F00A8D077 /* M_CLASSLOADER.c in Sources */,
				CEAC72221BFCFE68006F4F9B /* M_LCLASS.c in Sources */,
				CEAC72231BFCFE68006F4F9B /* M_OPCLASS.c in Sources */,
			);
			runOnlyForDeploymentPostprocessing = 0;
		};
/* End PBXSourcesBuildPhase section */

/* Begin XCBuildConfiguration section */
		CE33EE681BFCFB2500A4003B /* Debug */ = {
			isa = XCBuildConfiguration;
			buildSettings = {
				ALWAYS_SEARCH_USER_PATHS = NO;
				CLANG_CXX_LANGUAGE_STANDARD = "gnu++0x";
				CLANG_CXX_LIBRARY = "libc++";
				CLANG_ENABLE_MODULES = YES;
				CLANG_ENABLE_OBJC_ARC = YES;
				CLANG_WARN_BOOL_CONVERSION = YES;
				CLANG_WARN_CONSTANT_CONVERSION = YES;
				CLANG_WARN_DIRECT_OBJC_ISA_USAGE = YES_ERROR;
				CLANG_WARN_EMPTY_BODY = YES;
				CLANG_WARN_ENUM_CONVERSION = YES;
				CLANG_WARN_INT_CONVERSION = YES;
				CLANG_WARN_OBJC_ROOT_CLASS = YES_ERROR;
				CLANG_WARN_UNREACHABLE_CODE = YES;
				CLANG_WARN__DUPLICATE_METHOD_MATCH = YES;
				CODE_SIGN_IDENTITY = "-";
				COPY_PHASE_STRIP = NO;
				DEBUG_INFORMATION_FORMAT = dwarf;
				ENABLE_STRICT_OBJC_MSGSEND = YES;
				ENABLE_TESTABILITY = YES;
				GCC_C_LANGUAGE_STANDARD = gnu99;
				GCC_DYNAMIC_NO_PIC = NO;
				GCC_NO_COMMON_BLOCKS = YES;
				GCC_OPTIMIZATION_LEVEL = 0;
				GCC_PREPROCESSOR_DEFINITIONS = (
					"DEBUG=1",
					"$(inherited)",
				);
				GCC_WARN_64_TO_32_BIT_CONVERSION = YES;
				GCC_WARN_ABOUT_RETURN_TYPE = YES_ERROR;
				GCC_WARN_UNDECLARED_SELECTOR = YES;
				GCC_WARN_UNINITIALIZED_AUTOS = YES_AGGRESSIVE;
				GCC_WARN_UNUSED_FUNCTION = YES;
				GCC_WARN_UNUSED_VARIABLE = YES;
				MACOSX_DEPLOYMENT_TARGET = 10.11;
				MTL_ENABLE_DEBUG_INFO = YES;
				ONLY_ACTIVE_ARCH = YES;
				SDKROOT = macosx;
			};
			name = Debug;
		};
		CE33EE691BFCFB2500A4003B /* Release */ = {
			isa = XCBuildConfiguration;
			buildSettings = {
				ALWAYS_SEARCH_USER_PATHS = NO;
				CLANG_CXX_LANGUAGE_STANDARD = "gnu++0x";
				CLANG_CXX_LIBRARY = "libc++";
				CLANG_ENABLE_MODULES = YES;
				CLANG_ENABLE_OBJC_ARC = YES;
				CLANG_WARN_BOOL_CONVERSION = YES;
				CLANG_WARN_CONSTANT_CONVERSION = YES;
				CLANG_WARN_DIRECT_OBJC_ISA_USAGE = YES_ERROR;
				CLANG_WARN_EMPTY_BODY = YES;
				CLANG_WARN_ENUM_CONVERSION = YES;
				CLANG_WARN_INT_CONVERSION = YES;
				CLANG_WARN_OBJC_ROOT_CLASS = YES_ERROR;
				CLANG_WARN_UNREACHABLE_CODE = YES;
				CLANG_WARN__DUPLICATE_METHOD_MATCH = YES;
				CODE_SIGN_IDENTITY = "-";
				COPY_PHASE_STRIP = NO;
				DEBUG_INFORMATION_FORMAT = "dwarf-with-dsym";
				ENABLE_NS_ASSERTIONS = NO;
				ENABLE_STRICT_OBJC_MSGSEND = YES;
				GCC_C_LANGUAGE_STANDARD = gnu99;
				GCC_NO_COMMON_BLOCKS = YES;
				GCC_WARN_64_TO_32_BIT_CONVERSION = YES;
				GCC_WARN_ABOUT_RETURN_TYPE = YES_ERROR;
				GCC_WARN_UNDECLARED_SELECTOR = YES;
				GCC_WARN_UNINITIALIZED_AUTOS = YES_AGGRESSIVE;
				GCC_WARN_UNUSED_FUNCTION = YES;
				GCC_WARN_UNUSED_VARIABLE = YES;
				MACOSX_DEPLOYMENT_TARGET = 10.11;
				MTL_ENABLE_DEBUG_INFO = NO;
				SDKROOT = macosx;
			};
			name = Release;
		};
		CE33EE6B1BFCFB2500A4003B /* Debug */ = {
			isa = XCBuildConfiguration;
			buildSettings = {
				ARCHS = "$(ARCHS_STANDARD_32_BIT)";
				PRODUCT_NAME = "$(TARGET_NAME)";
			};
			name = Debug;
		};
		CE33EE6C1BFCFB2500A4003B /* Release */ = {
			isa = XCBuildConfiguration;
			buildSettings = {
				ARCHS = "$(ARCHS_STANDARD_32_BIT)";
				PRODUCT_NAME = "$(TARGET_NAME)";
			};
			name = Release;
		};
/* End XCBuildConfiguration section */

/* Begin XCConfigurationList section */
		CE33EE5E1BFCFB2400A4003B /* Build configuration list for PBXProject "JavaVirtualMachine" */ = {
			isa = XCConfigurationList;
			buildConfigurations = (
				CE33EE681BFCFB2500A4003B /* Debug */,
				CE33EE691BFCFB2500A4003B /* Release */,
			);
			defaultConfigurationIsVisible = 0;
			defaultConfigurationName = Release;
		};
		CE33EE6A1BFCFB2500A4003B /* Build configuration list for PBXNativeTarget "JavaVirtualMachine" */ = {
			isa = XCConfigurationList;
			buildConfigurations = (
				CE33EE6B1BFCFB2500A4003B /* Debug */,
				CE33EE6C1BFCFB2500A4003B /* Release */,
			);
			defaultConfigurationIsVisible = 0;
			defaultConfigurationName = Release;
		};
/* End XCConfigurationList section */
	};
	rootObject = CE33EE5B1BFCFB2400A4003B /* Project object */;
}
